{
  "name": "SKKU-OSP",
  "lockfileVersion": 3,
  "requires": true,
  "packages": {
    "": {
      "dependencies": {
        "@tanstack/react-query": "^5.64.2",
        "moment": "^2.29.4",
        "moment-timezone": "^0.5.43",
        "zustand": "^5.0.3"
      }
    },
    "node_modules/@tanstack/query-core": {
      "version": "5.64.2",
      "resolved": "https://registry.npmjs.org/@tanstack/query-core/-/query-core-5.64.2.tgz",
      "integrity": "sha512-hdO8SZpWXoADNTWXV9We8CwTkXU88OVWRBcsiFrk7xJQnhm6WRlweDzMD+uH+GnuieTBVSML6xFa17C2cNV8+g==",
      "funding": {
        "type": "github",
        "url": "https://github.com/sponsors/tannerlinsley"
      }
    },
    "node_modules/@tanstack/react-query": {
      "version": "5.64.2",
      "resolved": "https://registry.npmjs.org/@tanstack/react-query/-/react-query-5.64.2.tgz",
      "integrity": "sha512-3pakNscZNm8KJkxmovvtZ4RaXLyiYYobwleTMvpIGUoKRa8j8VlrQKNl5W8VUEfVfZKkikvXVddLuWMbcSCA1Q==",
      "dependencies": {
        "@tanstack/query-core": "5.64.2"
      },
      "funding": {
        "type": "github",
        "url": "https://github.com/sponsors/tannerlinsley"
      },
      "peerDependencies": {
        "react": "^18 || ^19"
      }
    },
    "node_modules/moment": {
      "version": "2.29.4",
      "resolved": "https://registry.npmjs.org/moment/-/moment-2.29.4.tgz",
      "integrity": "sha512-5LC9SOxjSc2HF6vO2CyuTDNivEdoz2IvyJJGj6X8DJ0eFyfszE0QiEd+iXmBvUP3WHxSjFH/vIsA0EN00cgr8w==",
      "engines": {
        "node": "*"
      }
    },
    "node_modules/moment-timezone": {
      "version": "0.5.43",
      "resolved": "https://registry.npmjs.org/moment-timezone/-/moment-timezone-0.5.43.tgz",
      "integrity": "sha512-72j3aNyuIsDxdF1i7CEgV2FfxM1r6aaqJyLB2vwb33mXYyoyLly+F1zbWqhA3/bVIoJ4szlUoMbUnVdid32NUQ==",
      "dependencies": {
        "moment": "^2.29.4"
      },
      "engines": {
        "node": "*"
      }
    },
    "node_modules/react": {
      "version": "19.0.0",
      "resolved": "https://registry.npmjs.org/react/-/react-19.0.0.tgz",
      "integrity": "sha512-V8AVnmPIICiWpGfm6GLzCR/W5FXLchHop40W4nXBmdlEceh16rCN8O8LNWm5bh5XUX91fh7KpA+W0TgMKmgTpQ==",
      "peer": true,
      "engines": {
        "node": ">=0.10.0"
      }
    },
    "node_modules/zustand": {
      "version": "5.0.3",
      "resolved": "https://registry.npmjs.org/zustand/-/zustand-5.0.3.tgz",
      "integrity": "sha512-14fwWQtU3pH4dE0dOpdMiWjddcH+QzKIgk1cl8epwSE7yag43k/AD/m4L6+K7DytAOr9gGBe3/EXj9g7cdostg==",
      "engines": {
        "node": ">=12.20.0"
      },
      "peerDependencies": {
        "@types/react": ">=18.0.0",
        "immer": ">=9.0.6",
        "react": ">=18.0.0",
        "use-sync-external-store": ">=1.2.0"
      },
      "peerDependenciesMeta": {
        "@types/react": {
          "optional": true
        },
        "immer": {
          "optional": true
        },
        "react": {
          "optional": true
        },
        "use-sync-external-store": {
          "optional": true
        }
      }
    }
  }
}
